
Microsoft Visual Studio Solution File, Format Version 12.00
# Visual Studio Version 17
VisualStudioVersion = 17.14.37411.7 d17.14
MinimumVisualStudioVersion = 10.0.40219.1
Project("{FAE04EC0-301F-11D3-BF4B-00C04F79EFBC}") = "BluetoothBatteryViewer", "BluetoothBatteryViewer\BluetoothBatteryViewer.csproj", "{9DE811CD-D0A9-433C-B453-50F6BFBFBA12}"
EndProject
Global
	GlobalSection(SolutionConfigurationPlatforms) = preSolution
		Debug|Any CPU = Debug|Any CPU
		Release|Any CPU = Release|Any CPU
	EndGlobalSection
	GlobalSection(ProjectConfigurationPlatforms) = postSolution
		{9DE811CD-D0A9-433C-B453-50F6BFBFBA12}.Debug|Any CPU.ActiveCfg = Debug|Any CPU
		{9DE811CD-D0A9-433C-B453-50F6BFBFBA12}.Debug|Any CPU.Build.0 = Debug|Any CPU
		{9DE811CD-D0A9-433C-B453-50F6BFBFBA12}.Release|Any CPU.ActiveCfg = Release|Any CPU
		{9DE811CD-D0A9-433C-B453-50F6BFBFBA12}.Release|Any CPU.Build.0 = Release|Any CPU
	EndGlobalSection
	GlobalSection(SolutionProperties) = preSolution
		HideSolutionNode = FALSE
	EndGlobalSection
	GlobalSection(ExtensibilityGlobals) = postSolution
		SolutionGuid = {290398C6-5791-4424-82E1-13672BE7788F}
	EndGlobalSection
EndGlobal
